
Microsoft Visual Studio Solution File, Format Version 12.00
Project("{FAE04EC0-301F-11D3-BF4B-00C04F79EFBC}") = "Command", "Source\Command\Command.csproj", "{ABE127BB-304C-4760-9737-1EBCB677351A}"
EndProject
Project("{FAE04EC0-301F-11D3-BF4B-00C04F79EFBC}") = "LogFmt", "Source\LogFmt\LogFmt.csproj", "{D9009513-74A0-45B8-AF50-9F4D0975AF34}"
EndProject
Global
	GlobalSection(SolutionConfigurationPlatforms) = preSolution
		Debug|Any CPU = Debug|Any CPU
		Release|Any CPU = Release|Any CPU
	EndGlobalSection
	GlobalSection(ProjectConfigurationPlatforms) = postSolution
		{ABE127BB-304C-4760-9737-1EBCB677351A}.Debug|Any CPU.ActiveCfg = Debug|Any CPU
		{ABE127BB-304C-4760-9737-1EBCB677351A}.Debug|Any CPU.Build.0 = Debug|Any CPU
		{ABE127BB-304C-4760-9737-1EBCB677351A}.Release|Any CPU.ActiveCfg = Release|Any CPU
		{ABE127BB-304C-4760-9737-1EBCB677351A}.Release|Any CPU.Build.0 = Release|Any CPU
		{D9009513-74A0-45B8-AF50-9F4D0975AF34}.Debug|Any CPU.ActiveCfg = Debug|Any CPU
		{D9009513-74A0-45B8-AF50-9F4D0975AF34}.Debug|Any CPU.Build.0 = Debug|Any CPU
		{D9009513-74A0-45B8-AF50-9F4D0975AF34}.Release|Any CPU.ActiveCfg = Release|Any CPU
		{D9009513-74A0-45B8-AF50-9F4D0975AF34}.Release|Any CPU.Build.0 = Release|Any CPU
	EndGlobalSection
EndGlobal
